
Microsoft Visual Studio Solution File, Format Version 12.00
# Visual Studio Version 17
VisualStudioVersion = 17.3.32922.545
MinimumVisualStudioVersion = 10.0.40219.1
Project("{FAE04EC0-301F-11D3-BF4B-00C04F79EFBC}") = "Graph_Theory", "Graph_Theory\Graph_Theory.csproj", "{23581FDC-76D8-46C8-A300-1CE722490D89}"
EndProject
Global
	GlobalSection(SolutionConfigurationPlatforms) = preSolution
		Debug|Any CPU = Debug|Any CPU
		Release|Any CPU = Release|Any CPU
	EndGlobalSection
	GlobalSection(ProjectConfigurationPlatforms) = postSolution
		{23581FDC-76D8-46C8-A300-1CE722490D89}.Debug|Any CPU.ActiveCfg = Debug|Any CPU
		{23581FDC-76D8-46C8-A300-1CE722490D89}.Debug|Any CPU.Build.0 = Debug|Any CPU
		{23581FDC-76D8-46C8-A300-1CE722490D89}.Release|Any CPU.ActiveCfg = Release|Any CPU
		{23581FDC-76D8-46C8-A300-1CE722490D89}.Release|Any CPU.Build.0 = Release|Any CPU
	EndGlobalSection
	GlobalSection(SolutionProperties) = preSolution
		HideSolutionNode = FALSE
	EndGlobalSection
	GlobalSection(ExtensibilityGlobals) = postSolution
		SolutionGuid = {12B87344-0B94-43C8-B276-14CAAD5415AB}
	EndGlobalSection
EndGlobal
